// !$*UTF8*$!
{
	archiveVersion = 1;
	classes = {
	};
	objectVersion = 56;
	objects = {

/* Begin PBXBuildFile section */
		063DFABEF23AE02952DDFE05 /* MarketRadarApp/Models/AutomationModels.swift in Sources */ = {isa = PBXBuildFile; fileRef = 151A08234DF26282C1CA789F /* MarketRadarApp/Models/AutomationModels.swift */; };
		13E56D33608A59D295421040 /* MarketRadarApp/Models/StorageModels.swift in Sources */ = {isa = PBXBuildFile; fileRef = 89045F2507117374F085F89D /* MarketRadarApp/Models/StorageModels.swift */; };
		15588F3A0706999F288460E8 /* MarketRadarApp/Features/Dashboard/LiveRefreshView.swift in Sources */ = {isa = PBXBuildFile; fileRef = FCE2742EA17D0CBF0EFBC582 /* MarketRadarApp/Features/Dashboard/LiveRefreshView.swift */; };
		15F0ED3B2C00BBA6E0FC84B8 /* Tests/MarketRadarLocalAPITests.swift in Sources */ = {isa = PBXBuildFile; fileRef = C7985B3E2F766BA8B3032E00 /* Tests/MarketRadarLocalAPITests.swift */; };
		18437E09565558639CF98FEC /* MarketRadarApp/Services/AppEnvironment.swift in Sources */ = {isa = PBXBuildFile; fileRef = DF7C6EF0A2C2528F9B70CDF4 /* MarketRadarApp/Services/AppEnvironment.swift */; };
		18C0444D29B8D41F30E09130 /* MarketRadarApp/Services/APIClient.swift in Sources */ = {isa = PBXBuildFile; fileRef = EE5503CAEF5831EFA9E3CA9A /* MarketRadarApp/Services/APIClient.swift */; };
		1A697226AFDEF8BE23476122 /* MarketRadarApp/Components/QuoteRow.swift in Sources */ = {isa = PBXBuildFile; fileRef = 6F2CBA090FD98406DE6FC39D /* MarketRadarApp/Components/QuoteRow.swift */; };
		393A488D96067A74BBCA1174 /* MarketRadarApp/Services/MarketDataStore.swift in Sources */ = {isa = PBXBuildFile; fileRef = 3A61137AD3C7F685F536B277 /* MarketRadarApp/Services/MarketDataStore.swift */; };
		459448B498FA868639147F32 /* MarketRadarApp/Features/Automation/JobRunListView.swift in Sources */ = {isa = PBXBuildFile; fileRef = CE95F3263B2AA4B9FD46ACAA /* MarketRadarApp/Features/Automation/JobRunListView.swift */; };
		49E5B6B699C5475D1B4AE5B0 /* MarketRadarApp/Models/QuoteSnapshot.swift in Sources */ = {isa = PBXBuildFile; fileRef = B85E55F2D68093581892FA74 /* MarketRadarApp/Models/QuoteSnapshot.swift */; };
		52020394A5F77F3E9601D697 /* MarketRadarApp/Models/MarketReport.swift in Sources */ = {isa = PBXBuildFile; fileRef = AC60D34687C4034802B9BC11 /* MarketRadarApp/Models/MarketReport.swift */; };
		573A6163CEF9D7A9C30873F9 /* MarketRadarApp/Features/Settings/SettingsView.swift in Sources */ = {isa = PBXBuildFile; fileRef = 21966E9B5549FCD4BC50E33E /* MarketRadarApp/Features/Settings/SettingsView.swift */; };
		5AF4D46B88EFD37C104D91E5 /* MarketRadarApp/Components/DataSourceStatusView.swift in Sources */ = {isa = PBXBuildFile; fileRef = 306828EBB4B6589B32050789 /* MarketRadarApp/Components/DataSourceStatusView.swift */; };
		5D73EB653CBDE33F5A03ECF5 /* MarketRadarApp/Features/Automation/SchedulerStatusView.swift in Sources */ = {isa = PBXBuildFile; fileRef = B61210A4CA4CD9D8A9F11F08 /* MarketRadarApp/Features/Automation/SchedulerStatusView.swift */; };
		60BD7D6ABADD9B3A6A1BCBF3 /* MarketRadarApp/MockData/MockMarketData.swift in Sources */ = {isa = PBXBuildFile; fileRef = 8903FCC9511D15271D6551C6 /* MarketRadarApp/MockData/MockMarketData.swift */; };
		6C0DC364B9FCD44BE1B8F927 /* MarketRadarApp/Features/Reports/ReportsView.swift in Sources */ = {isa = PBXBuildFile; fileRef = 9F6641E3A97100ACB3B7E0B1 /* MarketRadarApp/Features/Reports/ReportsView.swift */; };
		7B84B3250A28A0301BCC3759 /* MarketRadarApp/Models/AlertModels.swift in Sources */ = {isa = PBXBuildFile; fileRef = 17310FACE7788EA89B85E4A0 /* MarketRadarApp/Models/AlertModels.swift */; };
		7CB9AE395A0B7177B6BDB8F6 /* MarketRadarApp/Models/LiveRefreshModels.swift in Sources */ = {isa = PBXBuildFile; fileRef = 92ED1EFFD0EDFA3647696181 /* MarketRadarApp/Models/LiveRefreshModels.swift */; };
		85D93BD122F5BF132A7B216F /* MarketRadarApp/DesignSystem/RadarTheme.swift in Sources */ = {isa = PBXBuildFile; fileRef = A544C139CF9E5981D6DC99E8 /* MarketRadarApp/DesignSystem/RadarTheme.swift */; };
		89C15012AE620AF67B93C076 /* MarketRadarApp/Services/MockMarketService.swift in Sources */ = {isa = PBXBuildFile; fileRef = 540392FB65D1CCC2F8F89A6F /* MarketRadarApp/Services/MockMarketService.swift */; };
		94A1AAE70372725E4B7AB849 /* MarketRadarApp/Models/ProviderStatus.swift in Sources */ = {isa = PBXBuildFile; fileRef = BA8F689B8EDB3A842690AD7B /* MarketRadarApp/Models/ProviderStatus.swift */; };
		97E715BF61EB2903BE05A3F3 /* MarketRadarApp/Features/Alerts/AlertRuleEditorView.swift in Sources */ = {isa = PBXBuildFile; fileRef = 765B47C29959CD0B567D90CD /* MarketRadarApp/Features/Alerts/AlertRuleEditorView.swift */; };
		9C3C929EE54ED743489338F2 /* MarketRadarApp/Features/Alerts/AlertRuleListView.swift in Sources */ = {isa = PBXBuildFile; fileRef = CBB296B86C3A61C041DFFD2A /* MarketRadarApp/Features/Alerts/AlertRuleListView.swift */; };
		A09892B87AB45B09808DE6AB /* MarketRadarApp/Features/Watchlist/WatchlistView.swift in Sources */ = {isa = PBXBuildFile; fileRef = 415966AEC4C275D1626EB267 /* MarketRadarApp/Features/Watchlist/WatchlistView.swift */; };
		A3D258A7446C9074023A60B9 /* MarketRadarApp/Components/MockBadge.swift in Sources */ = {isa = PBXBuildFile; fileRef = 2D3DE5F20DD5EDA360E59873 /* MarketRadarApp/Components/MockBadge.swift */; };
		A6EE7609648AB21C6997F0BE /* MarketRadarApp/Features/Automation/JobListView.swift in Sources */ = {isa = PBXBuildFile; fileRef = B27EB85D3E9DDFBB2F13A6C8 /* MarketRadarApp/Features/Automation/JobListView.swift */; };
		AE8B1001B8F2A7A000000001 /* MarketRadarApp/DesignSystem/RadarCopy.swift in Sources */ = {isa = PBXBuildFile; fileRef = AE8B1001B8F2A7A000000002 /* MarketRadarApp/DesignSystem/RadarCopy.swift */; };
		AE8B1001B8F2A7A000000003 /* MarketRadarApp/Models/AppLanguage.swift in Sources */ = {isa = PBXBuildFile; fileRef = AE8B1001B8F2A7A000000004 /* MarketRadarApp/Models/AppLanguage.swift */; };
		AE8C1001B8F2A7A000000001 /* MarketRadarApp/DesignSystem/RadarWaveBackground.swift in Sources */ = {isa = PBXBuildFile; fileRef = AE8C1001B8F2A7A000000002 /* MarketRadarApp/DesignSystem/RadarWaveBackground.swift */; };
		AE8C1001B8F2A7A000000003 /* MarketRadarApp/Features/Splash/SplashIntroView.swift in Sources */ = {isa = PBXBuildFile; fileRef = AE8C1001B8F2A7A000000004 /* MarketRadarApp/Features/Splash/SplashIntroView.swift */; };
		AE8D1001B8F2A7A000000001 /* MarketRadarApp/Resources/RadarAppMark.png in Resources */ = {isa = PBXBuildFile; fileRef = AE8D1001B8F2A7A000000002 /* MarketRadarApp/Resources/RadarAppMark.png */; };
		AE8D1001B8F2A7A000000003 /* MarketRadarApp/Resources/RadarBackground.png in Resources */ = {isa = PBXBuildFile; fileRef = AE8D1001B8F2A7A000000004 /* MarketRadarApp/Resources/RadarBackground.png */; };
		AE8D1001B8F2A7A000000005 /* MarketRadarApp/Resources/AppIcon60x60@2x.png in Resources */ = {isa = PBXBuildFile; fileRef = AE8D1001B8F2A7A000000006 /* MarketRadarApp/Resources/AppIcon60x60@2x.png */; };
		AE8D1001B8F2A7A000000007 /* MarketRadarApp/Resources/AppIcon60x60@3x.png in Resources */ = {isa = PBXBuildFile; fileRef = AE8D1001B8F2A7A000000008 /* MarketRadarApp/Resources/AppIcon60x60@3x.png */; };
		AE8F1001B8F2A7A000000001 /* MarketRadarApp/Features/Splash/SplashTimeline.swift in Sources */ = {isa = PBXBuildFile; fileRef = AE8F1001B8F2A7A000000002 /* MarketRadarApp/Features/Splash/SplashTimeline.swift */; };
		AE8F1001B8F2A7A000000003 /* MarketRadarApp/Features/AnimationLab/AnimationLabView.swift in Sources */ = {isa = PBXBuildFile; fileRef = AE8F1001B8F2A7A000000004 /* MarketRadarApp/Features/AnimationLab/AnimationLabView.swift */; };
		AE8F1001B8F2A7A000000005 /* MarketRadarApp/Features/AnimationLab/SplashAnimationPreviewView.swift in Sources */ = {isa = PBXBuildFile; fileRef = AE8F1001B8F2A7A000000006 /* MarketRadarApp/Features/AnimationLab/SplashAnimationPreviewView.swift */; };
		AE8F1001B8F2A7A000000007 /* MarketRadarApp/Features/AnimationLab/EventBubbleAnimationPreview.swift in Sources */ = {isa = PBXBuildFile; fileRef = AE8F1001B8F2A7A000000008 /* MarketRadarApp/Features/AnimationLab/EventBubbleAnimationPreview.swift */; };
		AE8F1001B8F2A7A000000009 /* MarketRadarApp/Features/AnimationLab/IntelligenceOrbPreview.swift in Sources */ = {isa = PBXBuildFile; fileRef = AE8F1001B8F2A7A00000000A /* MarketRadarApp/Features/AnimationLab/IntelligenceOrbPreview.swift */; };
		B1528531AF97ADB5E1D6164E /* MarketRadarApp/Features/Dashboard/DashboardView.swift in Sources */ = {isa = PBXBuildFile; fileRef = 1C84084AC616DA03BA12B9EF /* MarketRadarApp/Features/Dashboard/DashboardView.swift */; };
		B37BB4D7BBA7F059A5E05755 /* MarketRadarApp/Models/DailyReport.swift in Sources */ = {isa = PBXBuildFile; fileRef = D1AA0344F9FB02A799069972 /* MarketRadarApp/Models/DailyReport.swift */; };
		BB28060D0D46694054928659 /* MarketRadarApp/Features/Automation/JobDetailView.swift in Sources */ = {isa = PBXBuildFile; fileRef = 234DF411A33006406112B219 /* MarketRadarApp/Features/Automation/JobDetailView.swift */; };
		BCF5BED9EE6EA9816D1E104A /* MarketRadarApp/Features/Automation/AutomationView.swift in Sources */ = {isa = PBXBuildFile; fileRef = 9C074DF501224B09DEEFE2B8 /* MarketRadarApp/Features/Automation/AutomationView.swift */; };
		BD9A1449C19F64CBDF0F06BC /* MarketRadarApp/Components/DisclaimerView.swift in Sources */ = {isa = PBXBuildFile; fileRef = 67116DED3A72DEFBCF6F8A8C /* MarketRadarApp/Components/DisclaimerView.swift */; };
		BF6DE0FA0925C92F8ACA1B96 /* MarketRadarApp/ContentView.swift in Sources */ = {isa = PBXBuildFile; fileRef = 908362F9B8F4D6E3A97B334A /* MarketRadarApp/ContentView.swift */; };
		CDDC85F1CF2134F5000C0591 /* MarketRadarApp/Features/Events/EventsView.swift in Sources */ = {isa = PBXBuildFile; fileRef = E93A842DA5209225B395837B /* MarketRadarApp/Features/Events/EventsView.swift */; };
		CFB9701140BE4BB28144AF0F /* MarketRadarApp/MarketRadarApp.swift in Sources */ = {isa = PBXBuildFile; fileRef = C434E898D1B505692F811CE9 /* MarketRadarApp/MarketRadarApp.swift */; };
		EDD0530C778C4A9996166307 /* MarketRadarApp/Features/Alerts/AlertDetailView.swift in Sources */ = {isa = PBXBuildFile; fileRef = D452F4CB47FC2F4BC611147D /* MarketRadarApp/Features/Alerts/AlertDetailView.swift */; };
		EFD059B15DBB49FD8E4756D2 /* MarketRadarApp/Components/EventCard.swift in Sources */ = {isa = PBXBuildFile; fileRef = 5D819C44DF8CC27739138F09 /* MarketRadarApp/Components/EventCard.swift */; };
		F0ADBB37706D3D2298B54CAD /* MarketRadarApp/Features/Automation/JobRunDetailView.swift in Sources */ = {isa = PBXBuildFile; fileRef = 6FE07014D978A9B4C7EC7FC5 /* MarketRadarApp/Features/Automation/JobRunDetailView.swift */; };
		F1C8B1F309369D7763404E77 /* MarketRadarApp/Models/MarketEvent.swift in Sources */ = {isa = PBXBuildFile; fileRef = A2B9DD0E65DBDDAF6E3C57DC /* MarketRadarApp/Models/MarketEvent.swift */; };
		F6B2EEB3586395520C32A024 /* MarketRadarApp/Features/Alerts/AlertsView.swift in Sources */ = {isa = PBXBuildFile; fileRef = 04E102B1C5010D04ABB5CABE /* MarketRadarApp/Features/Alerts/AlertsView.swift */; };
/* End PBXBuildFile section */

/* Begin PBXContainerItemProxy section */
		D799BAE6088A90139B415FCC /* PBXContainerItemProxy */ = {
			isa = PBXContainerItemProxy;
			containerPortal = 98F54143AB4E86B28C3AFEE0 /* Project object */;
			proxyType = 1;
			remoteGlobalIDString = CCD1BDFE40AA20836710EC01;
			remoteInfo = MarketRadarApp;
		};
/* End PBXContainerItemProxy section */

/* Begin PBXFileReference section */
		04E102B1C5010D04ABB5CABE /* MarketRadarApp/Features/Alerts/AlertsView.swift */ = {isa = PBXFileReference; lastKnownFileType = sourcecode.swift; path = MarketRadarApp/Features/Alerts/AlertsView.swift; sourceTree = "<group>"; };
		151A08234DF26282C1CA789F /* MarketRadarApp/Models/AutomationModels.swift */ = {isa = PBXFileReference; lastKnownFileType = sourcecode.swift; path = MarketRadarApp/Models/AutomationModels.swift; sourceTree = "<group>"; };
		17310FACE7788EA89B85E4A0 /* MarketRadarApp/Models/AlertModels.swift */ = {isa = PBXFileReference; lastKnownFileType = sourcecode.swift; path = MarketRadarApp/Models/AlertModels.swift; sourceTree = "<group>"; };
		1C84084AC616DA03BA12B9EF /* MarketRadarApp/Features/Dashboard/DashboardView.swift */ = {isa = PBXFileReference; lastKnownFileType = sourcecode.swift; path = MarketRadarApp/Features/Dashboard/DashboardView.swift; sourceTree = "<group>"; };
		21966E9B5549FCD4BC50E33E /* MarketRadarApp/Features/Settings/SettingsView.swift */ = {isa = PBXFileReference; lastKnownFileType = sourcecode.swift; path = MarketRadarApp/Features/Settings/SettingsView.swift; sourceTree = "<group>"; };
		234DF411A33006406112B219 /* MarketRadarApp/Features/Automation/JobDetailView.swift */ = {isa = PBXFileReference; lastKnownFileType = sourcecode.swift; path = MarketRadarApp/Features/Automation/JobDetailView.swift; sourceTree = "<group>"; };
		2D3DE5F20DD5EDA360E59873 /* MarketRadarApp/Components/MockBadge.swift */ = {isa = PBXFileReference; lastKnownFileType = sourcecode.swift; path = MarketRadarApp/Components/MockBadge.swift; sourceTree = "<group>"; };
		2DF1A7C28E7D1C0487CE3358 /* Info.plist */ = {isa = PBXFileReference; lastKnownFileType = text.plist.xml; path = Info.plist; sourceTree = "<group>"; };
		306828EBB4B6589B32050789 /* MarketRadarApp/Components/DataSourceStatusView.swift */ = {isa = PBXFileReference; lastKnownFileType = sourcecode.swift; path = MarketRadarApp/Components/DataSourceStatusView.swift; sourceTree = "<group>"; };
		3A61137AD3C7F685F536B277 /* MarketRadarApp/Services/MarketDataStore.swift */ = {isa = PBXFileReference; lastKnownFileType = sourcecode.swift; path = MarketRadarApp/Services/MarketDataStore.swift; sourceTree = "<group>"; };
		415966AEC4C275D1626EB267 /* MarketRadarApp/Features/Watchlist/WatchlistView.swift */ = {isa = PBXFileReference; lastKnownFileType = sourcecode.swift; path = MarketRadarApp/Features/Watchlist/WatchlistView.swift; sourceTree = "<group>"; };
		4EF5F27FC2840F4EF5595DEE /* MarketRadarTests.xctest */ = {isa = PBXFileReference; explicitFileType = wrapper.cfbundle; includeInIndex = 0; path = MarketRadarTests.xctest; sourceTree = BUILT_PRODUCTS_DIR; };
		540392FB65D1CCC2F8F89A6F /* MarketRadarApp/Services/MockMarketService.swift */ = {isa = PBXFileReference; lastKnownFileType = sourcecode.swift; path = MarketRadarApp/Services/MockMarketService.swift; sourceTree = "<group>"; };
		5718BA8B2965F0F686C8E55B /* MarketRadar.app */ = {isa = PBXFileReference; explicitFileType = wrapper.application; includeInIndex = 0; path = MarketRadar.app; sourceTree = BUILT_PRODUCTS_DIR; };
		5D819C44DF8CC27739138F09 /* MarketRadarApp/Components/EventCard.swift */ = {isa = PBXFileReference; lastKnownFileType = sourcecode.swift; path = MarketRadarApp/Components/EventCard.swift; sourceTree = "<group>"; };
		67116DED3A72DEFBCF6F8A8C /* MarketRadarApp/Components/DisclaimerView.swift */ = {isa = PBXFileReference; lastKnownFileType = sourcecode.swift; path = MarketRadarApp/Components/DisclaimerView.swift; sourceTree = "<group>"; };
		6F2CBA090FD98406DE6FC39D /* MarketRadarApp/Components/QuoteRow.swift */ = {isa = PBXFileReference; lastKnownFileType = sourcecode.swift; path = MarketRadarApp/Components/QuoteRow.swift; sourceTree = "<group>"; };
		6FE07014D978A9B4C7EC7FC5 /* MarketRadarApp/Features/Automation/JobRunDetailView.swift */ = {isa = PBXFileReference; lastKnownFileType = sourcecode.swift; path = MarketRadarApp/Features/Automation/JobRunDetailView.swift; sourceTree = "<group>"; };
		765B47C29959CD0B567D90CD /* MarketRadarApp/Features/Alerts/AlertRuleEditorView.swift */ = {isa = PBXFileReference; lastKnownFileType = sourcecode.swift; path = MarketRadarApp/Features/Alerts/AlertRuleEditorView.swift; sourceTree = "<group>"; };
		8903FCC9511D15271D6551C6 /* MarketRadarApp/MockData/MockMarketData.swift */ = {isa = PBXFileReference; lastKnownFileType = sourcecode.swift; path = MarketRadarApp/MockData/MockMarketData.swift; sourceTree = "<group>"; };
		89045F2507117374F085F89D /* MarketRadarApp/Models/StorageModels.swift */ = {isa = PBXFileReference; lastKnownFileType = sourcecode.swift; path = MarketRadarApp/Models/StorageModels.swift; sourceTree = "<group>"; };
		908362F9B8F4D6E3A97B334A /* MarketRadarApp/ContentView.swift */ = {isa = PBXFileReference; lastKnownFileType = sourcecode.swift; path = MarketRadarApp/ContentView.swift; sourceTree = "<group>"; };
		92ED1EFFD0EDFA3647696181 /* MarketRadarApp/Models/LiveRefreshModels.swift */ = {isa = PBXFileReference; lastKnownFileType = sourcecode.swift; path = MarketRadarApp/Models/LiveRefreshModels.swift; sourceTree = "<group>"; };
		9C074DF501224B09DEEFE2B8 /* MarketRadarApp/Features/Automation/AutomationView.swift */ = {isa = PBXFileReference; lastKnownFileType = sourcecode.swift; path = MarketRadarApp/Features/Automation/AutomationView.swift; sourceTree = "<group>"; };
		9F6641E3A97100ACB3B7E0B1 /* MarketRadarApp/Features/Reports/ReportsView.swift */ = {isa = PBXFileReference; lastKnownFileType = sourcecode.swift; path = MarketRadarApp/Features/Reports/ReportsView.swift; sourceTree = "<group>"; };
		A2B9DD0E65DBDDAF6E3C57DC /* MarketRadarApp/Models/MarketEvent.swift */ = {isa = PBXFileReference; lastKnownFileType = sourcecode.swift; path = MarketRadarApp/Models/MarketEvent.swift; sourceTree = "<group>"; };
		A544C139CF9E5981D6DC99E8 /* MarketRadarApp/DesignSystem/RadarTheme.swift */ = {isa = PBXFileReference; lastKnownFileType = sourcecode.swift; path = MarketRadarApp/DesignSystem/RadarTheme.swift; sourceTree = "<group>"; };
		AC60D34687C4034802B9BC11 /* MarketRadarApp/Models/MarketReport.swift */ = {isa = PBXFileReference; lastKnownFileType = sourcecode.swift; path = MarketRadarApp/Models/MarketReport.swift; sourceTree = "<group>"; };
		AE8B1001B8F2A7A000000002 /* MarketRadarApp/DesignSystem/RadarCopy.swift */ = {isa = PBXFileReference; lastKnownFileType = sourcecode.swift; path = MarketRadarApp/DesignSystem/RadarCopy.swift; sourceTree = "<group>"; };
		AE8B1001B8F2A7A000000004 /* MarketRadarApp/Models/AppLanguage.swift */ = {isa = PBXFileReference; lastKnownFileType = sourcecode.swift; path = MarketRadarApp/Models/AppLanguage.swift; sourceTree = "<group>"; };
		AE8C1001B8F2A7A000000002 /* MarketRadarApp/DesignSystem/RadarWaveBackground.swift */ = {isa = PBXFileReference; lastKnownFileType = sourcecode.swift; path = MarketRadarApp/DesignSystem/RadarWaveBackground.swift; sourceTree = "<group>"; };
		AE8C1001B8F2A7A000000004 /* MarketRadarApp/Features/Splash/SplashIntroView.swift */ = {isa = PBXFileReference; lastKnownFileType = sourcecode.swift; path = MarketRadarApp/Features/Splash/SplashIntroView.swift; sourceTree = "<group>"; };
		AE8C1001B8F2A7A000000006 /* MarketRadarApp/Assets.xcassets */ = {isa = PBXFileReference; lastKnownFileType = folder.assetcatalog; path = MarketRadarApp/Assets.xcassets; sourceTree = "<group>"; };
		AE8D1001B8F2A7A000000002 /* MarketRadarApp/Resources/RadarAppMark.png */ = {isa = PBXFileReference; lastKnownFileType = image.png; path = MarketRadarApp/Resources/RadarAppMark.png; sourceTree = "<group>"; };
		AE8D1001B8F2A7A000000004 /* MarketRadarApp/Resources/RadarBackground.png */ = {isa = PBXFileReference; lastKnownFileType = image.png; path = MarketRadarApp/Resources/RadarBackground.png; sourceTree = "<group>"; };
		AE8D1001B8F2A7A000000006 /* MarketRadarApp/Resources/AppIcon60x60@2x.png */ = {isa = PBXFileReference; lastKnownFileType = image.png; path = "MarketRadarApp/Resources/AppIcon60x60@2x.png"; sourceTree = "<group>"; };
		AE8D1001B8F2A7A000000008 /* MarketRadarApp/Resources/AppIcon60x60@3x.png */ = {isa = PBXFileReference; lastKnownFileType = image.png; path = "MarketRadarApp/Resources/AppIcon60x60@3x.png"; sourceTree = "<group>"; };
		AE8F1001B8F2A7A000000002 /* MarketRadarApp/Features/Splash/SplashTimeline.swift */ = {isa = PBXFileReference; lastKnownFileType = sourcecode.swift; path = MarketRadarApp/Features/Splash/SplashTimeline.swift; sourceTree = "<group>"; };
		AE8F1001B8F2A7A000000004 /* MarketRadarApp/Features/AnimationLab/AnimationLabView.swift */ = {isa = PBXFileReference; lastKnownFileType = sourcecode.swift; path = MarketRadarApp/Features/AnimationLab/AnimationLabView.swift; sourceTree = "<group>"; };
		AE8F1001B8F2A7A000000006 /* MarketRadarApp/Features/AnimationLab/SplashAnimationPreviewView.swift */ = {isa = PBXFileReference; lastKnownFileType = sourcecode.swift; path = MarketRadarApp/Features/AnimationLab/SplashAnimationPreviewView.swift; sourceTree = "<group>"; };
		AE8F1001B8F2A7A000000008 /* MarketRadarApp/Features/AnimationLab/EventBubbleAnimationPreview.swift */ = {isa = PBXFileReference; lastKnownFileType = sourcecode.swift; path = MarketRadarApp/Features/AnimationLab/EventBubbleAnimationPreview.swift; sourceTree = "<group>"; };
		AE8F1001B8F2A7A00000000A /* MarketRadarApp/Features/AnimationLab/IntelligenceOrbPreview.swift */ = {isa = PBXFileReference; lastKnownFileType = sourcecode.swift; path = MarketRadarApp/Features/AnimationLab/IntelligenceOrbPreview.swift; sourceTree = "<group>"; };
		B27EB85D3E9DDFBB2F13A6C8 /* MarketRadarApp/Features/Automation/JobListView.swift */ = {isa = PBXFileReference; lastKnownFileType = sourcecode.swift; path = MarketRadarApp/Features/Automation/JobListView.swift; sourceTree = "<group>"; };
		B61210A4CA4CD9D8A9F11F08 /* MarketRadarApp/Features/Automation/SchedulerStatusView.swift */ = {isa = PBXFileReference; lastKnownFileType = sourcecode.swift; path = MarketRadarApp/Features/Automation/SchedulerStatusView.swift; sourceTree = "<group>"; };
		B85E55F2D68093581892FA74 /* MarketRadarApp/Models/QuoteSnapshot.swift */ = {isa = PBXFileReference; lastKnownFileType = sourcecode.swift; path = MarketRadarApp/Models/QuoteSnapshot.swift; sourceTree = "<group>"; };
		BA8F689B8EDB3A842690AD7B /* MarketRadarApp/Models/ProviderStatus.swift */ = {isa = PBXFileReference; lastKnownFileType = sourcecode.swift; path = MarketRadarApp/Models/ProviderStatus.swift; sourceTree = "<group>"; };
		C434E898D1B505692F811CE9 /* MarketRadarApp/MarketRadarApp.swift */ = {isa = PBXFileReference; lastKnownFileType = sourcecode.swift; path = MarketRadarApp/MarketRadarApp.swift; sourceTree = "<group>"; };
		C7985B3E2F766BA8B3032E00 /* Tests/MarketRadarLocalAPITests.swift */ = {isa = PBXFileReference; lastKnownFileType = sourcecode.swift; path = Tests/MarketRadarLocalAPITests.swift; sourceTree = "<group>"; };
		CBB296B86C3A61C041DFFD2A /* MarketRadarApp/Features/Alerts/AlertRuleListView.swift */ = {isa = PBXFileReference; lastKnownFileType = sourcecode.swift; path = MarketRadarApp/Features/Alerts/AlertRuleListView.swift; sourceTree = "<group>"; };
		CE95F3263B2AA4B9FD46ACAA /* MarketRadarApp/Features/Automation/JobRunListView.swift */ = {isa = PBXFileReference; lastKnownFileType = sourcecode.swift; path = MarketRadarApp/Features/Automation/JobRunListView.swift; sourceTree = "<group>"; };
		D1AA0344F9FB02A799069972 /* MarketRadarApp/Models/DailyReport.swift */ = {isa = PBXFileReference; lastKnownFileType = sourcecode.swift; path = MarketRadarApp/Models/DailyReport.swift; sourceTree = "<group>"; };
		D452F4CB47FC2F4BC611147D /* MarketRadarApp/Features/Alerts/AlertDetailView.swift */ = {isa = PBXFileReference; lastKnownFileType = sourcecode.swift; path = MarketRadarApp/Features/Alerts/AlertDetailView.swift; sourceTree = "<group>"; };
		DF7C6EF0A2C2528F9B70CDF4 /* MarketRadarApp/Services/AppEnvironment.swift */ = {isa = PBXFileReference; lastKnownFileType = sourcecode.swift; path = MarketRadarApp/Services/AppEnvironment.swift; sourceTree = "<group>"; };
		E93A842DA5209225B395837B /* MarketRadarApp/Features/Events/EventsView.swift */ = {isa = PBXFileReference; lastKnownFileType = sourcecode.swift; path = MarketRadarApp/Features/Events/EventsView.swift; sourceTree = "<group>"; };
		EE5503CAEF5831EFA9E3CA9A /* MarketRadarApp/Services/APIClient.swift */ = {isa = PBXFileReference; lastKnownFileType = sourcecode.swift; path = MarketRadarApp/Services/APIClient.swift; sourceTree = "<group>"; };
		FCE2742EA17D0CBF0EFBC582 /* MarketRadarApp/Features/Dashboard/LiveRefreshView.swift */ = {isa = PBXFileReference; lastKnownFileType = sourcecode.swift; path = MarketRadarApp/Features/Dashboard/LiveRefreshView.swift; sourceTree = "<group>"; };
/* End PBXFileReference section */

/* Begin PBXFrameworksBuildPhase section */
		205F2BC6E24D7D856CEED464 /* Frameworks */ = {
			isa = PBXFrameworksBuildPhase;
			buildActionMask = 2147483647;
			files = (
			);
			runOnlyForDeploymentPostprocessing = 0;
		};
		D8BB80BA9436BB8095981AD3 /* Frameworks */ = {
			isa = PBXFrameworksBuildPhase;
			buildActionMask = 2147483647;
			files = (
			);
			runOnlyForDeploymentPostprocessing = 0;
		};
/* End PBXFrameworksBuildPhase section */

/* Begin PBXGroup section */
		021F2B7F3E0C61452C987484 /* Products */ = {
			isa = PBXGroup;
			children = (
				5718BA8B2965F0F686C8E55B /* MarketRadar.app */,
				4EF5F27FC2840F4EF5595DEE /* MarketRadarTests.xctest */,
			);
			name = Products;
			sourceTree = "<group>";
		};
		12E9DF2F0820E9F612A165AB /* Tests */ = {
			isa = PBXGroup;
			children = (
				C7985B3E2F766BA8B3032E00 /* Tests/MarketRadarLocalAPITests.swift */,
			);
			name = Tests;
			sourceTree = "<group>";
		};
		1DF401F405384E02A0BF02D3 /* MarketRadarApp */ = {
			isa = PBXGroup;
			children = (
				306828EBB4B6589B32050789 /* MarketRadarApp/Components/DataSourceStatusView.swift */,
				67116DED3A72DEFBCF6F8A8C /* MarketRadarApp/Components/DisclaimerView.swift */,
				5D819C44DF8CC27739138F09 /* MarketRadarApp/Components/EventCard.swift */,
				2D3DE5F20DD5EDA360E59873 /* MarketRadarApp/Components/MockBadge.swift */,
				6F2CBA090FD98406DE6FC39D /* MarketRadarApp/Components/QuoteRow.swift */,
				908362F9B8F4D6E3A97B334A /* MarketRadarApp/ContentView.swift */,
				A544C139CF9E5981D6DC99E8 /* MarketRadarApp/DesignSystem/RadarTheme.swift */,
				AE8B1001B8F2A7A000000002 /* MarketRadarApp/DesignSystem/RadarCopy.swift */,
				AE8C1001B8F2A7A000000002 /* MarketRadarApp/DesignSystem/RadarWaveBackground.swift */,
				AE8C1001B8F2A7A000000004 /* MarketRadarApp/Features/Splash/SplashIntroView.swift */,
				AE8C1001B8F2A7A000000006 /* MarketRadarApp/Assets.xcassets */,
				AE8D1001B8F2A7A000000002 /* MarketRadarApp/Resources/RadarAppMark.png */,
				AE8D1001B8F2A7A000000004 /* MarketRadarApp/Resources/RadarBackground.png */,
				AE8D1001B8F2A7A000000006 /* MarketRadarApp/Resources/AppIcon60x60@2x.png */,
				AE8D1001B8F2A7A000000008 /* MarketRadarApp/Resources/AppIcon60x60@3x.png */,
				AE8F1001B8F2A7A000000002 /* MarketRadarApp/Features/Splash/SplashTimeline.swift */,
				AE8F1001B8F2A7A000000004 /* MarketRadarApp/Features/AnimationLab/AnimationLabView.swift */,
				AE8F1001B8F2A7A000000006 /* MarketRadarApp/Features/AnimationLab/SplashAnimationPreviewView.swift */,
				AE8F1001B8F2A7A000000008 /* MarketRadarApp/Features/AnimationLab/EventBubbleAnimationPreview.swift */,
				AE8F1001B8F2A7A00000000A /* MarketRadarApp/Features/AnimationLab/IntelligenceOrbPreview.swift */,
				D452F4CB47FC2F4BC611147D /* MarketRadarApp/Features/Alerts/AlertDetailView.swift */,
				765B47C29959CD0B567D90CD /* MarketRadarApp/Features/Alerts/AlertRuleEditorView.swift */,
				CBB296B86C3A61C041DFFD2A /* MarketRadarApp/Features/Alerts/AlertRuleListView.swift */,
				04E102B1C5010D04ABB5CABE /* MarketRadarApp/Features/Alerts/AlertsView.swift */,
				9C074DF501224B09DEEFE2B8 /* MarketRadarApp/Features/Automation/AutomationView.swift */,
				234DF411A33006406112B219 /* MarketRadarApp/Features/Automation/JobDetailView.swift */,
				B27EB85D3E9DDFBB2F13A6C8 /* MarketRadarApp/Features/Automation/JobListView.swift */,
				6FE07014D978A9B4C7EC7FC5 /* MarketRadarApp/Features/Automation/JobRunDetailView.swift */,
				CE95F3263B2AA4B9FD46ACAA /* MarketRadarApp/Features/Automation/JobRunListView.swift */,
				B61210A4CA4CD9D8A9F11F08 /* MarketRadarApp/Features/Automation/SchedulerStatusView.swift */,
				1C84084AC616DA03BA12B9EF /* MarketRadarApp/Features/Dashboard/DashboardView.swift */,
				FCE2742EA17D0CBF0EFBC582 /* MarketRadarApp/Features/Dashboard/LiveRefreshView.swift */,
				E93A842DA5209225B395837B /* MarketRadarApp/Features/Events/EventsView.swift */,
				9F6641E3A97100ACB3B7E0B1 /* MarketRadarApp/Features/Reports/ReportsView.swift */,
				21966E9B5549FCD4BC50E33E /* MarketRadarApp/Features/Settings/SettingsView.swift */,
				415966AEC4C275D1626EB267 /* MarketRadarApp/Features/Watchlist/WatchlistView.swift */,
				C434E898D1B505692F811CE9 /* MarketRadarApp/MarketRadarApp.swift */,
				8903FCC9511D15271D6551C6 /* MarketRadarApp/MockData/MockMarketData.swift */,
				17310FACE7788EA89B85E4A0 /* MarketRadarApp/Models/AlertModels.swift */,
				AE8B1001B8F2A7A000000004 /* MarketRadarApp/Models/AppLanguage.swift */,
				151A08234DF26282C1CA789F /* MarketRadarApp/Models/AutomationModels.swift */,
				D1AA0344F9FB02A799069972 /* MarketRadarApp/Models/DailyReport.swift */,
				92ED1EFFD0EDFA3647696181 /* MarketRadarApp/Models/LiveRefreshModels.swift */,
				A2B9DD0E65DBDDAF6E3C57DC /* MarketRadarApp/Models/MarketEvent.swift */,
				AC60D34687C4034802B9BC11 /* MarketRadarApp/Models/MarketReport.swift */,
				BA8F689B8EDB3A842690AD7B /* MarketRadarApp/Models/ProviderStatus.swift */,
				B85E55F2D68093581892FA74 /* MarketRadarApp/Models/QuoteSnapshot.swift */,
				89045F2507117374F085F89D /* MarketRadarApp/Models/StorageModels.swift */,
				EE5503CAEF5831EFA9E3CA9A /* MarketRadarApp/Services/APIClient.swift */,
				DF7C6EF0A2C2528F9B70CDF4 /* MarketRadarApp/Services/AppEnvironment.swift */,
				3A61137AD3C7F685F536B277 /* MarketRadarApp/Services/MarketDataStore.swift */,
				540392FB65D1CCC2F8F89A6F /* MarketRadarApp/Services/MockMarketService.swift */,
			);
			name = MarketRadarApp;
			sourceTree = "<group>";
		};
		6CFC827E67DCAE34C72B9CED = {
			isa = PBXGroup;
			children = (
				1DF401F405384E02A0BF02D3 /* MarketRadarApp */,
				12E9DF2F0820E9F612A165AB /* Tests */,
				B1D8042158A8115DF02B0BCA /* MarketRadar/Supporting */,
				021F2B7F3E0C61452C987484 /* Products */,
			);
			sourceTree = "<group>";
		};
		B1D8042158A8115DF02B0BCA /* MarketRadar/Supporting */ = {
			isa = PBXGroup;
			children = (
				2DF1A7C28E7D1C0487CE3358 /* Info.plist */,
			);
			path = MarketRadar/Supporting;
			sourceTree = "<group>";
		};
/* End PBXGroup section */

/* Begin PBXNativeTarget section */
		5D9688571339E638D7EAD326 /* MarketRadarTests */ = {
			isa = PBXNativeTarget;
			buildConfigurationList = F9B0E16AD5B8480358C8B0BD /* Build configuration list for PBXNativeTarget "MarketRadarTests" */;
			buildPhases = (
				BE4BC27101E7F29EB444ED01 /* Sources */,
				D8BB80BA9436BB8095981AD3 /* Frameworks */,
				9675AE965AB2731D6C0E64EA /* Resources */,
			);
			buildRules = (
			);
			dependencies = (
				DE58E2B17C19600779694943 /* PBXTargetDependency */,
			);
			name = MarketRadarTests;
			productName = MarketRadarTests;
			productReference = 4EF5F27FC2840F4EF5595DEE /* MarketRadarTests.xctest */;
			productType = "com.apple.product-type.bundle.unit-test";
		};
		CCD1BDFE40AA20836710EC01 /* MarketRadarApp */ = {
			isa = PBXNativeTarget;
			buildConfigurationList = F2835358D79238265300CDAC /* Build configuration list for PBXNativeTarget "MarketRadarApp" */;
			buildPhases = (
				DBF6CD71B0C4EC30100789D3 /* Sources */,
				205F2BC6E24D7D856CEED464 /* Frameworks */,
				05E689F15507506FE0040640 /* Resources */,
			);
			buildRules = (
			);
			dependencies = (
			);
			name = MarketRadarApp;
			productName = MarketRadar;
			productReference = 5718BA8B2965F0F686C8E55B /* MarketRadar.app */;
			productType = "com.apple.product-type.application";
		};
/* End PBXNativeTarget section */

/* Begin PBXProject section */
		98F54143AB4E86B28C3AFEE0 /* Project object */ = {
			isa = PBXProject;
			attributes = {
				BuildIndependentTargetsInParallel = 1;
				LastSwiftUpdateCheck = 1500;
				LastUpgradeCheck = 1500;
				TargetAttributes = {
					5D9688571339E638D7EAD326 = {
						CreatedOnToolsVersion = 15.0;
						ProvisioningStyle = Manual;
					};
					CCD1BDFE40AA20836710EC01 = {
						CreatedOnToolsVersion = 15.0;
					};
				};
			};
			buildConfigurationList = 45DEA8368E74E8D36B2EC1B0 /* Build configuration list for PBXProject "MarketRadar" */;
			compatibilityVersion = "Xcode 14.0";
			developmentRegion = en;
			hasScannedForEncodings = 0;
			knownRegions = (
				en,
				Base,
			);
			mainGroup = 6CFC827E67DCAE34C72B9CED;
			productRefGroup = 021F2B7F3E0C61452C987484 /* Products */;
			projectDirPath = "";
			projectRoot = "";
			targets = (
				CCD1BDFE40AA20836710EC01 /* MarketRadarApp */,
				5D9688571339E638D7EAD326 /* MarketRadarTests */,
			);
		};
/* End PBXProject section */

/* Begin PBXResourcesBuildPhase section */
		05E689F15507506FE0040640 /* Resources */ = {
			isa = PBXResourcesBuildPhase;
			buildActionMask = 2147483647;
			files = (
				AE8D1001B8F2A7A000000001 /* MarketRadarApp/Resources/RadarAppMark.png in Resources */,
				AE8D1001B8F2A7A000000003 /* MarketRadarApp/Resources/RadarBackground.png in Resources */,
				AE8D1001B8F2A7A000000005 /* MarketRadarApp/Resources/AppIcon60x60@2x.png in Resources */,
				AE8D1001B8F2A7A000000007 /* MarketRadarApp/Resources/AppIcon60x60@3x.png in Resources */,
			);
			runOnlyForDeploymentPostprocessing = 0;
		};
		9675AE965AB2731D6C0E64EA /* Resources */ = {
			isa = PBXResourcesBuildPhase;
			buildActionMask = 2147483647;
			files = (
			);
			runOnlyForDeploymentPostprocessing = 0;
		};
/* End PBXResourcesBuildPhase section */

/* Begin PBXSourcesBuildPhase section */
		BE4BC27101E7F29EB444ED01 /* Sources */ = {
			isa = PBXSourcesBuildPhase;
			buildActionMask = 2147483647;
			files = (
				15F0ED3B2C00BBA6E0FC84B8 /* Tests/MarketRadarLocalAPITests.swift in Sources */,
			);
			runOnlyForDeploymentPostprocessing = 0;
		};
		DBF6CD71B0C4EC30100789D3 /* Sources */ = {
			isa = PBXSourcesBuildPhase;
			buildActionMask = 2147483647;
			files = (
				5AF4D46B88EFD37C104D91E5 /* MarketRadarApp/Components/DataSourceStatusView.swift in Sources */,
				BD9A1449C19F64CBDF0F06BC /* MarketRadarApp/Components/DisclaimerView.swift in Sources */,
				EFD059B15DBB49FD8E4756D2 /* MarketRadarApp/Components/EventCard.swift in Sources */,
				A3D258A7446C9074023A60B9 /* MarketRadarApp/Components/MockBadge.swift in Sources */,
				1A697226AFDEF8BE23476122 /* MarketRadarApp/Components/QuoteRow.swift in Sources */,
				BF6DE0FA0925C92F8ACA1B96 /* MarketRadarApp/ContentView.swift in Sources */,
				85D93BD122F5BF132A7B216F /* MarketRadarApp/DesignSystem/RadarTheme.swift in Sources */,
				AE8B1001B8F2A7A000000001 /* MarketRadarApp/DesignSystem/RadarCopy.swift in Sources */,
				AE8C1001B8F2A7A000000001 /* MarketRadarApp/DesignSystem/RadarWaveBackground.swift in Sources */,
				AE8C1001B8F2A7A000000003 /* MarketRadarApp/Features/Splash/SplashIntroView.swift in Sources */,
				AE8F1001B8F2A7A000000001 /* MarketRadarApp/Features/Splash/SplashTimeline.swift in Sources */,
				AE8F1001B8F2A7A000000003 /* MarketRadarApp/Features/AnimationLab/AnimationLabView.swift in Sources */,
				AE8F1001B8F2A7A000000005 /* MarketRadarApp/Features/AnimationLab/SplashAnimationPreviewView.swift in Sources */,
				AE8F1001B8F2A7A000000007 /* MarketRadarApp/Features/AnimationLab/EventBubbleAnimationPreview.swift in Sources */,
				AE8F1001B8F2A7A000000009 /* MarketRadarApp/Features/AnimationLab/IntelligenceOrbPreview.swift in Sources */,
				EDD0530C778C4A9996166307 /* MarketRadarApp/Features/Alerts/AlertDetailView.swift in Sources */,
				97E715BF61EB2903BE05A3F3 /* MarketRadarApp/Features/Alerts/AlertRuleEditorView.swift in Sources */,
				9C3C929EE54ED743489338F2 /* MarketRadarApp/Features/Alerts/AlertRuleListView.swift in Sources */,
				F6B2EEB3586395520C32A024 /* MarketRadarApp/Features/Alerts/AlertsView.swift in Sources */,
				BCF5BED9EE6EA9816D1E104A /* MarketRadarApp/Features/Automation/AutomationView.swift in Sources */,
				BB28060D0D46694054928659 /* MarketRadarApp/Features/Automation/JobDetailView.swift in Sources */,
				A6EE7609648AB21C6997F0BE /* MarketRadarApp/Features/Automation/JobListView.swift in Sources */,
				F0ADBB37706D3D2298B54CAD /* MarketRadarApp/Features/Automation/JobRunDetailView.swift in Sources */,
				459448B498FA868639147F32 /* MarketRadarApp/Features/Automation/JobRunListView.swift in Sources */,
				5D73EB653CBDE33F5A03ECF5 /* MarketRadarApp/Features/Automation/SchedulerStatusView.swift in Sources */,
				B1528531AF97ADB5E1D6164E /* MarketRadarApp/Features/Dashboard/DashboardView.swift in Sources */,
				15588F3A0706999F288460E8 /* MarketRadarApp/Features/Dashboard/LiveRefreshView.swift in Sources */,
				CDDC85F1CF2134F5000C0591 /* MarketRadarApp/Features/Events/EventsView.swift in Sources */,
				6C0DC364B9FCD44BE1B8F927 /* MarketRadarApp/Features/Reports/ReportsView.swift in Sources */,
				573A6163CEF9D7A9C30873F9 /* MarketRadarApp/Features/Settings/SettingsView.swift in Sources */,
				A09892B87AB45B09808DE6AB /* MarketRadarApp/Features/Watchlist/WatchlistView.swift in Sources */,
				CFB9701140BE4BB28144AF0F /* MarketRadarApp/MarketRadarApp.swift in Sources */,
				60BD7D6ABADD9B3A6A1BCBF3 /* MarketRadarApp/MockData/MockMarketData.swift in Sources */,
				7B84B3250A28A0301BCC3759 /* MarketRadarApp/Models/AlertModels.swift in Sources */,
				AE8B1001B8F2A7A000000003 /* MarketRadarApp/Models/AppLanguage.swift in Sources */,
				063DFABEF23AE02952DDFE05 /* MarketRadarApp/Models/AutomationModels.swift in Sources */,
				B37BB4D7BBA7F059A5E05755 /* MarketRadarApp/Models/DailyReport.swift in Sources */,
				7CB9AE395A0B7177B6BDB8F6 /* MarketRadarApp/Models/LiveRefreshModels.swift in Sources */,
				F1C8B1F309369D7763404E77 /* MarketRadarApp/Models/MarketEvent.swift in Sources */,
				52020394A5F77F3E9601D697 /* MarketRadarApp/Models/MarketReport.swift in Sources */,
				94A1AAE70372725E4B7AB849 /* MarketRadarApp/Models/ProviderStatus.swift in Sources */,
				49E5B6B699C5475D1B4AE5B0 /* MarketRadarApp/Models/QuoteSnapshot.swift in Sources */,
				13E56D33608A59D295421040 /* MarketRadarApp/Models/StorageModels.swift in Sources */,
				18C0444D29B8D41F30E09130 /* MarketRadarApp/Services/APIClient.swift in Sources */,
				18437E09565558639CF98FEC /* MarketRadarApp/Services/AppEnvironment.swift in Sources */,
				393A488D96067A74BBCA1174 /* MarketRadarApp/Services/MarketDataStore.swift in Sources */,
				89C15012AE620AF67B93C076 /* MarketRadarApp/Services/MockMarketService.swift in Sources */,
			);
			runOnlyForDeploymentPostprocessing = 0;
		};
/* End PBXSourcesBuildPhase section */

/* Begin PBXTargetDependency section */
		DE58E2B17C19600779694943 /* PBXTargetDependency */ = {
			isa = PBXTargetDependency;
			target = CCD1BDFE40AA20836710EC01 /* MarketRadarApp */;
			targetProxy = D799BAE6088A90139B415FCC /* PBXContainerItemProxy */;
		};
/* End PBXTargetDependency section */

/* Begin XCBuildConfiguration section */
			09B6DCF0C6D0455590144B37 /* Debug */ = {
				isa = XCBuildConfiguration;
				buildSettings = {
					BUNDLE_LOADER = "$(TEST_HOST)";
					CODE_SIGNING_ALLOWED = NO;
					CODE_SIGNING_REQUIRED = NO;
				DEVELOPMENT_TEAM = "";
				GENERATE_INFOPLIST_FILE = YES;
				IPHONEOS_DEPLOYMENT_TARGET = 17.0;
				PRODUCT_BUNDLE_IDENTIFIER = com.kexingyan.MarketRadarTests;
				PRODUCT_MODULE_NAME = MarketRadarTests;
				PRODUCT_NAME = MarketRadarTests;
				SUPPORTED_PLATFORMS = "iphoneos iphonesimulator";
				SWIFT_VERSION = 5.0;
				TARGETED_DEVICE_FAMILY = 1;
				TEST_HOST = "$(BUILT_PRODUCTS_DIR)/MarketRadar.app/$(BUNDLE_EXECUTABLE_FOLDER_PATH)/MarketRadar";
			};
			name = Debug;
		};
		0F8B4C7FB77C768D3A78A504 /* Release */ = {
			isa = XCBuildConfiguration;
			buildSettings = {
				CODE_SIGNING_ALLOWED = YES;
				CODE_SIGNING_REQUIRED = YES;
				CODE_SIGN_IDENTITY = "Apple Development";
				CODE_SIGN_STYLE = Automatic;
				DEVELOPMENT_ASSET_PATHS = "";
				DEVELOPMENT_TEAM = 76SXBK84W7;
				GENERATE_INFOPLIST_FILE = NO;
				INFOPLIST_FILE = MarketRadar/Supporting/Info.plist;
				IPHONEOS_DEPLOYMENT_TARGET = 17.0;
				PRODUCT_BUNDLE_IDENTIFIER = com.kexingyan.MarketRadar;
				PRODUCT_MODULE_NAME = MarketRadarApp;
				PRODUCT_NAME = MarketRadar;
				PROVISIONING_PROFILE_SPECIFIER = "";
				SUPPORTED_PLATFORMS = "iphoneos iphonesimulator";
				SUPPORTS_MACCATALYST = NO;
				SWIFT_EMIT_LOC_STRINGS = YES;
				SWIFT_VERSION = 5.0;
				TARGETED_DEVICE_FAMILY = 1;
			};
			name = Release;
		};
			3BBB579A9CE7EF759F02D037 /* Release */ = {
				isa = XCBuildConfiguration;
				buildSettings = {
					BUNDLE_LOADER = "$(TEST_HOST)";
					CODE_SIGNING_ALLOWED = NO;
					CODE_SIGNING_REQUIRED = NO;
				DEVELOPMENT_TEAM = "";
				GENERATE_INFOPLIST_FILE = YES;
				IPHONEOS_DEPLOYMENT_TARGET = 17.0;
				PRODUCT_BUNDLE_IDENTIFIER = com.kexingyan.MarketRadarTests;
				PRODUCT_MODULE_NAME = MarketRadarTests;
				PRODUCT_NAME = MarketRadarTests;
				SUPPORTED_PLATFORMS = "iphoneos iphonesimulator";
				SWIFT_VERSION = 5.0;
				TARGETED_DEVICE_FAMILY = 1;
				TEST_HOST = "$(BUILT_PRODUCTS_DIR)/MarketRadar.app/$(BUNDLE_EXECUTABLE_FOLDER_PATH)/MarketRadar";
			};
			name = Release;
		};
		58B22D68371AC8F11EADCD99 /* Debug */ = {
			isa = XCBuildConfiguration;
			buildSettings = {
				ALWAYS_SEARCH_USER_PATHS = NO;
				CLANG_ANALYZER_NONNULL = YES;
				CLANG_ANALYZER_NUMBER_OBJECT_CONVERSION = YES_AGGRESSIVE;
				CLANG_CXX_LANGUAGE_STANDARD = "gnu++20";
				CLANG_ENABLE_MODULES = YES;
				CLANG_ENABLE_OBJC_ARC = YES;
				CLANG_ENABLE_OBJC_WEAK = YES;
				CLANG_WARN_BLOCK_CAPTURE_AUTORELEASING = YES;
				CLANG_WARN_BOOL_CONVERSION = YES;
				CLANG_WARN_COMMA = YES;
				CLANG_WARN_CONSTANT_CONVERSION = YES;
				CLANG_WARN_DEPRECATED_OBJC_IMPLEMENTATIONS = YES;
				CLANG_WARN_DIRECT_OBJC_ISA_USAGE = YES_ERROR;
				CLANG_WARN_DOCUMENTATION_COMMENTS = YES;
				CLANG_WARN_EMPTY_BODY = YES;
				CLANG_WARN_ENUM_CONVERSION = YES;
				CLANG_WARN_INFINITE_RECURSION = YES;
				CLANG_WARN_INT_CONVERSION = YES;
				CLANG_WARN_NON_LITERAL_NULL_CONVERSION = YES;
				CLANG_WARN_OBJC_IMPLICIT_RETAIN_SELF = YES;
				CLANG_WARN_OBJC_LITERAL_CONVERSION = YES;
				CLANG_WARN_OBJC_ROOT_CLASS = YES_ERROR;
				CLANG_WARN_QUOTED_INCLUDE_IN_FRAMEWORK_HEADER = YES;
				CLANG_WARN_RANGE_LOOP_ANALYSIS = YES;
				CLANG_WARN_STRICT_PROTOTYPES = YES;
				CLANG_WARN_SUSPICIOUS_MOVE = YES;
				CLANG_WARN_UNGUARDED_AVAILABILITY = YES_AGGRESSIVE;
				CLANG_WARN_UNREACHABLE_CODE = YES;
				CLANG_WARN__DUPLICATE_METHOD_MATCH = YES;
				COPY_PHASE_STRIP = NO;
				DEBUG_INFORMATION_FORMAT = dwarf;
				ENABLE_STRICT_OBJC_MSGSEND = YES;
				ENABLE_TESTABILITY = YES;
				ENABLE_USER_SCRIPT_SANDBOXING = YES;
				GCC_C_LANGUAGE_STANDARD = gnu17;
				GCC_NO_COMMON_BLOCKS = YES;
				GCC_OPTIMIZATION_LEVEL = 0;
				GCC_WARN_64_TO_32_BIT_CONVERSION = YES;
				GCC_WARN_ABOUT_RETURN_TYPE = YES_ERROR;
				GCC_WARN_UNDECLARED_SELECTOR = YES;
				GCC_WARN_UNINITIALIZED_AUTOS = YES_AGGRESSIVE;
				GCC_WARN_UNUSED_FUNCTION = YES;
				GCC_WARN_UNUSED_VARIABLE = YES;
				IPHONEOS_DEPLOYMENT_TARGET = 17.0;
				ONLY_ACTIVE_ARCH = YES;
				SDKROOT = iphoneos;
				SWIFT_ACTIVE_COMPILATION_CONDITIONS = DEBUG;
				SWIFT_VERSION = 5.0;
			};
			name = Debug;
		};
			9303EFBCAFCD82C17933C9EB /* Debug */ = {
				isa = XCBuildConfiguration;
				buildSettings = {
					CODE_SIGNING_ALLOWED = YES;
					CODE_SIGNING_REQUIRED = YES;
					CODE_SIGN_IDENTITY = "Apple Development";
				CODE_SIGN_STYLE = Automatic;
				DEVELOPMENT_ASSET_PATHS = "";
				DEVELOPMENT_TEAM = 76SXBK84W7;
				GENERATE_INFOPLIST_FILE = NO;
				INFOPLIST_FILE = MarketRadar/Supporting/Info.plist;
				IPHONEOS_DEPLOYMENT_TARGET = 17.0;
				PRODUCT_BUNDLE_IDENTIFIER = com.kexingyan.MarketRadar;
				PRODUCT_MODULE_NAME = MarketRadarApp;
				PRODUCT_NAME = MarketRadar;
				PROVISIONING_PROFILE_SPECIFIER = "";
				SUPPORTED_PLATFORMS = "iphoneos iphonesimulator";
				SUPPORTS_MACCATALYST = NO;
				SWIFT_EMIT_LOC_STRINGS = YES;
				SWIFT_VERSION = 5.0;
				TARGETED_DEVICE_FAMILY = 1;
			};
			name = Debug;
		};
		D005BFB4C42D9F64610280D7 /* Release */ = {
			isa = XCBuildConfiguration;
			buildSettings = {
				ALWAYS_SEARCH_USER_PATHS = NO;
				CLANG_ANALYZER_NONNULL = YES;
				CLANG_ANALYZER_NUMBER_OBJECT_CONVERSION = YES_AGGRESSIVE;
				CLANG_CXX_LANGUAGE_STANDARD = "gnu++20";
				CLANG_ENABLE_MODULES = YES;
				CLANG_ENABLE_OBJC_ARC = YES;
				CLANG_ENABLE_OBJC_WEAK = YES;
				CLANG_WARN_BLOCK_CAPTURE_AUTORELEASING = YES;
				CLANG_WARN_BOOL_CONVERSION = YES;
				CLANG_WARN_COMMA = YES;
				CLANG_WARN_CONSTANT_CONVERSION = YES;
				CLANG_WARN_DEPRECATED_OBJC_IMPLEMENTATIONS = YES;
				CLANG_WARN_DIRECT_OBJC_ISA_USAGE = YES_ERROR;
				CLANG_WARN_DOCUMENTATION_COMMENTS = YES;
				CLANG_WARN_EMPTY_BODY = YES;
				CLANG_WARN_ENUM_CONVERSION = YES;
				CLANG_WARN_INFINITE_RECURSION = YES;
				CLANG_WARN_INT_CONVERSION = YES;
				CLANG_WARN_NON_LITERAL_NULL_CONVERSION = YES;
				CLANG_WARN_OBJC_IMPLICIT_RETAIN_SELF = YES;
				CLANG_WARN_OBJC_LITERAL_CONVERSION = YES;
				CLANG_WARN_OBJC_ROOT_CLASS = YES_ERROR;
				CLANG_WARN_QUOTED_INCLUDE_IN_FRAMEWORK_HEADER = YES;
				CLANG_WARN_RANGE_LOOP_ANALYSIS = YES;
				CLANG_WARN_STRICT_PROTOTYPES = YES;
				CLANG_WARN_SUSPICIOUS_MOVE = YES;
				CLANG_WARN_UNGUARDED_AVAILABILITY = YES_AGGRESSIVE;
				CLANG_WARN_UNREACHABLE_CODE = YES;
				CLANG_WARN__DUPLICATE_METHOD_MATCH = YES;
				COPY_PHASE_STRIP = NO;
				DEBUG_INFORMATION_FORMAT = "dwarf-with-dsym";
				ENABLE_NS_ASSERTIONS = NO;
				ENABLE_STRICT_OBJC_MSGSEND = YES;
				ENABLE_TESTABILITY = YES;
				ENABLE_USER_SCRIPT_SANDBOXING = YES;
				GCC_C_LANGUAGE_STANDARD = gnu17;
				GCC_NO_COMMON_BLOCKS = YES;
				GCC_WARN_64_TO_32_BIT_CONVERSION = YES;
				GCC_WARN_ABOUT_RETURN_TYPE = YES_ERROR;
				GCC_WARN_UNDECLARED_SELECTOR = YES;
				GCC_WARN_UNINITIALIZED_AUTOS = YES_AGGRESSIVE;
				GCC_WARN_UNUSED_FUNCTION = YES;
				GCC_WARN_UNUSED_VARIABLE = YES;
				IPHONEOS_DEPLOYMENT_TARGET = 17.0;
				SDKROOT = iphoneos;
				SWIFT_COMPILATION_MODE = wholemodule;
				SWIFT_VERSION = 5.0;
				VALIDATE_PRODUCT = YES;
			};
			name = Release;
		};
/* End XCBuildConfiguration section */

/* Begin XCConfigurationList section */
		45DEA8368E74E8D36B2EC1B0 /* Build configuration list for PBXProject "MarketRadar" */ = {
			isa = XCConfigurationList;
			buildConfigurations = (
				58B22D68371AC8F11EADCD99 /* Debug */,
				D005BFB4C42D9F64610280D7 /* Release */,
			);
			defaultConfigurationIsVisible = 0;
			defaultConfigurationName = Release;
		};
		F2835358D79238265300CDAC /* Build configuration list for PBXNativeTarget "MarketRadarApp" */ = {
			isa = XCConfigurationList;
			buildConfigurations = (
				9303EFBCAFCD82C17933C9EB /* Debug */,
				0F8B4C7FB77C768D3A78A504 /* Release */,
			);
			defaultConfigurationIsVisible = 0;
			defaultConfigurationName = Release;
		};
		F9B0E16AD5B8480358C8B0BD /* Build configuration list for PBXNativeTarget "MarketRadarTests" */ = {
			isa = XCConfigurationList;
			buildConfigurations = (
				09B6DCF0C6D0455590144B37 /* Debug */,
				3BBB579A9CE7EF759F02D037 /* Release */,
			);
			defaultConfigurationIsVisible = 0;
			defaultConfigurationName = Release;
		};
/* End XCConfigurationList section */
	};
	rootObject = 98F54143AB4E86B28C3AFEE0 /* Project object */;
}
